
Microsoft Visual Studio Solution File, Format Version 11.00
# Visual Studio 2010
Project("{F2A71F9B-5D33-465A-A702-920D77279786}") = "FindGreatestDateWhenNewCustomerEntered", "FindGreatestDateWhenNewCustomerEntered\FindGreatestDateWhenNewCustomerEntered.fsproj", "{E115EE0E-2365-4200-BCAB-0AC9E0C1E4CB}"
EndProject
Global
	GlobalSection(SolutionConfigurationPlatforms) = preSolution
		Debug|x86 = Debug|x86
		Release|x86 = Release|x86
	EndGlobalSection
	GlobalSection(ProjectConfigurationPlatforms) = postSolution
		{E115EE0E-2365-4200-BCAB-0AC9E0C1E4CB}.Debug|x86.ActiveCfg = Debug|x86
		{E115EE0E-2365-4200-BCAB-0AC9E0C1E4CB}.Debug|x86.Build.0 = Debug|x86
		{E115EE0E-2365-4200-BCAB-0AC9E0C1E4CB}.Release|x86.ActiveCfg = Release|x86
		{E115EE0E-2365-4200-BCAB-0AC9E0C1E4CB}.Release|x86.Build.0 = Release|x86
	EndGlobalSection
	GlobalSection(SolutionProperties) = preSolution
		HideSolutionNode = FALSE
	EndGlobalSection
EndGlobal
