
Microsoft Visual Studio Solution File, Format Version 11.00
# Visual Web Developer Express 2010
Project("{F184B08F-C81C-45F6-A57F-5ABD9991F28F}") = "Space", "Space.vbproj", "{76157F1F-C6B5-4C1B-8481-80ACC4451ADC}"
EndProject
Project("{F184B08F-C81C-45F6-A57F-5ABD9991F28F}") = "Space.Web", "..\Space.Web\Space.Web.vbproj", "{C7049EBD-1070-4825-86D1-6DE7CD9D69A0}"
EndProject
Global
	GlobalSection(SolutionConfigurationPlatforms) = preSolution
		Debug|Any CPU = Debug|Any CPU
		Release|Any CPU = Release|Any CPU
	EndGlobalSection
	GlobalSection(ProjectConfigurationPlatforms) = postSolution
		{76157F1F-C6B5-4C1B-8481-80ACC4451ADC}.Debug|Any CPU.ActiveCfg = Debug|Any CPU
		{76157F1F-C6B5-4C1B-8481-80ACC4451ADC}.Debug|Any CPU.Build.0 = Debug|Any CPU
		{76157F1F-C6B5-4C1B-8481-80ACC4451ADC}.Release|Any CPU.ActiveCfg = Release|Any CPU
		{76157F1F-C6B5-4C1B-8481-80ACC4451ADC}.Release|Any CPU.Build.0 = Release|Any CPU
		{C7049EBD-1070-4825-86D1-6DE7CD9D69A0}.Debug|Any CPU.ActiveCfg = Debug|Any CPU
		{C7049EBD-1070-4825-86D1-6DE7CD9D69A0}.Debug|Any CPU.Build.0 = Debug|Any CPU
		{C7049EBD-1070-4825-86D1-6DE7CD9D69A0}.Release|Any CPU.ActiveCfg = Release|Any CPU
		{C7049EBD-1070-4825-86D1-6DE7CD9D69A0}.Release|Any CPU.Build.0 = Release|Any CPU
	EndGlobalSection
	GlobalSection(SolutionProperties) = preSolution
		HideSolutionNode = FALSE
	EndGlobalSection
EndGlobal
